<?xml version="1.0" encoding="utf-8"?>
<Project ToolsVersion="4.0" xmlns="http://schemas.microsoft.com/developer/msbuild/2003">
  <ItemGroup>
    <Filter Include="Source Files">
      <UniqueIdentifier>{4FC737F1-C7A5-4376-A066-2A32D752A2FF}</UniqueIdentifier>
      <Extensions>cpp;c;cc;cxx;def;odl;idl;hpj;bat;asm;asmx</Extensions>
    </Filter>
    <Filter Include="Header Files">
      <UniqueIdentifier>{93995380-89BD-4b04-88EB-625FBE52EBFB}</UniqueIdentifier>
      <Extensions>h;hpp;hxx;hm;inl;inc;xsd</Extensions>
    </Filter>
    <Filter Include="Resource Files">
      <UniqueIdentifier>{67DA6AB6-F800-4c08-8B7A-83BB121AAD01}</UniqueIdentifier>
      <Extensions>rc;ico;cur;bmp;dlg;rc2;rct;bin;rgs;gif;jpg;jpeg;jpe;resx;tiff;tif;png;wav;mfcribbon-ms</Extensions>
    </Filter>
    <Filter Include="Common">
      <UniqueIdentifier>{317fe6aa-1de2-4d2b-89cc-583557f238ff}</UniqueIdentifier>
    </Filter>
    <Filter Include="Common\Header Files">
      <UniqueIdentifier>{163de372-7990-4796-bdf3-f3581669403c}</UniqueIdentifier>
    </Filter>
    <Filter Include="Common\Source Files">
      <UniqueIdentifier>{b686f4d5-6b3d-437e-874e-eb326b8aafd8}</UniqueIdentifier>
    </Filter>
    <Filter Include="Header Files\pathfinding">
      <UniqueIdentifier>{370cc426-3bb2-4fa1-a418-e8a82b3c7bbb}</UniqueIdentifier>
    </Filter>
    <Filter Include="Source Files\pathfinding">
      <UniqueIdentifier>{474fbefa-c012-4187-954c-fdb12b4f06d7}</UniqueIdentifier>
    </Filter>
    <Filter Include="Steering">
      <UniqueIdentifier>{65309a20-e71f-457d-99e7-1411abe23c88}</UniqueIdentifier>
    </Filter>
    <Filter Include="Header Files\messaging">
      <UniqueIdentifier>{c762cc85-9e67-460c-a36c-e9d2dd9d520b}</UniqueIdentifier>
    </Filter>
    <Filter Include="Source Files\messaging">
      <UniqueIdentifier>{2f53feb8-d7f9-4cab-984c-54f1b77175b5}</UniqueIdentifier>
    </Filter>
    <Filter Include="Header Files\util">
      <UniqueIdentifier>{54f8c0ee-aaed-4b41-aa5c-7217697765f0}</UniqueIdentifier>
    </Filter>
    <Filter Include="Source Files\util">
      <UniqueIdentifier>{90105af6-1784-4d4c-a7e8-1921d4a8616a}</UniqueIdentifier>
    </Filter>
    <Filter Include="Steering\Source Files">
      <UniqueIdentifier>{2b1fac04-3291-4af3-845a-5103decec61b}</UniqueIdentifier>
    </Filter>
    <Filter Include="Steering\Header Files">
      <UniqueIdentifier>{5e43f7bf-2aa6-4b24-a488-66198926afb6}</UniqueIdentifier>
    </Filter>
    <Filter Include="StateMachine">
      <UniqueIdentifier>{ac3b53ea-5eef-4fa5-93cb-ba5b1af6124c}</UniqueIdentifier>
    </Filter>
    <Filter Include="StateMachine\States">
      <UniqueIdentifier>{3104a697-d3d6-44f7-8804-ea279bb18401}</UniqueIdentifier>
    </Filter>
  </ItemGroup>
  <ItemGroup>
    <ClInclude Include="..\common\Game.h">
      <Filter>Common\Header Files</Filter>
    </ClInclude>
    <ClInclude Include="..\common\GraphicsBuffer.h">
      <Filter>Common\Header Files</Filter>
    </ClInclude>
    <ClInclude Include="..\common\GraphicsSystem.h">
      <Filter>Common\Header Files</Filter>
    </ClInclude>
    <ClInclude Include="..\common\Grid.h">
      <Filter>Common\Header Files</Filter>
    </ClInclude>
    <ClInclude Include="..\common\Sprite.h">
      <Filter>Common\Header Files</Filter>
    </ClInclude>
    <ClInclude Include="Connection.h">
      <Filter>Header Files\pathfinding</Filter>
    </ClInclude>
    <ClInclude Include="Graph.h">
      <Filter>Header Files\pathfinding</Filter>
    </ClInclude>
    <ClInclude Include="Node.h">
      <Filter>Header Files\pathfinding</Filter>
    </ClInclude>
    <ClInclude Include="GridGraph.h">
      <Filter>Header Files\pathfinding</Filter>
    </ClInclude>
    <ClInclude Include="Path.h">
      <Filter>Header Files\pathfinding</Filter>
    </ClInclude>
    <ClInclude Include="Pathfinder.h">
      <Filter>Header Files\pathfinding</Filter>
    </ClInclude>
    <ClInclude Include="DepthFirstPathfinder.h">
      <Filter>Header Files\pathfinding</Filter>
    </ClInclude>
    <ClInclude Include="..\common\GridVisualizer.h">
      <Filter>Common\Header Files</Filter>
    </ClInclude>
    <ClInclude Include="GridPathfinder.h">
      <Filter>Header Files\pathfinding</Filter>
    </ClInclude>
    <ClInclude Include="..\common\SpriteManager.h">
      <Filter>Common\Header Files</Filter>
    </ClInclude>
    <ClInclude Include="..\common\GraphicsBufferManager.h">
      <Filter>Common\Header Files</Filter>
    </ClInclude>
    <ClInclude Include="..\common\Color.h">
      <Filter>Common\Header Files</Filter>
    </ClInclude>
    <ClInclude Include="..\common\Renderer.h">
      <Filter>Common\Header Files</Filter>
    </ClInclude>
    <ClInclude Include="..\common\Font.h">
      <Filter>Common\Header Files</Filter>
    </ClInclude>
    <ClInclude Include="DijkstraPathFinder.h">
      <Filter>Header Files\pathfinding</Filter>
    </ClInclude>
    <ClInclude Include="AStarPathFinder.h">
      <Filter>Header Files\pathfinding</Filter>
    </ClInclude>
    <ClInclude Include="NodeRecord.h">
      <Filter>Header Files\pathfinding</Filter>
    </ClInclude>
    <ClInclude Include="FlowFieldPathFinder.h">
      <Filter>Header Files\pathfinding</Filter>
    </ClInclude>
    <ClInclude Include="AStarMessage.h">
      <Filter>Header Files\messaging</Filter>
    </ClInclude>
    <ClInclude Include="AddAndRemoveUnitsMessage.h">
      <Filter>Header Files\messaging</Filter>
    </ClInclude>
    <ClInclude Include="DepthFirstSearchMessage.h">
      <Filter>Header Files\messaging</Filter>
    </ClInclude>
    <ClInclude Include="DijkstraMessage.h">
      <Filter>Header Files\messaging</Filter>
    </ClInclude>
    <ClInclude Include="EscapeMessage.h">
      <Filter>Header Files\messaging</Filter>
    </ClInclude>
    <ClInclude Include="FlowFieldMessage.h">
      <Filter>Header Files\messaging</Filter>
    </ClInclude>
    <ClInclude Include="PathToMessage.h">
      <Filter>Header Files\messaging</Filter>
    </ClInclude>
    <ClInclude Include="UnitToNewLocationMessage.h">
      <Filter>Header Files\messaging</Filter>
    </ClInclude>
    <ClInclude Include="GameMessage.h">
      <Filter>Header Files\messaging</Filter>
    </ClInclude>
    <ClInclude Include="GameMessageManager.h">
      <Filter>Header Files\messaging</Filter>
    </ClInclude>
    <ClInclude Include="PriorityQueue.h">
      <Filter>Header Files\util</Filter>
    </ClInclude>
    <ClInclude Include="GameApp.h">
      <Filter>Header Files\util</Filter>
    </ClInclude>
    <ClInclude Include="DebugContent.h">
      <Filter>Header Files\util</Filter>
    </ClInclude>
    <ClInclude Include="DebugDisplay.h">
      <Filter>Header Files\util</Filter>
    </ClInclude>
    <ClInclude Include="InputSystem.h">
      <Filter>Header Files\util</Filter>
    </ClInclude>
    <ClInclude Include="KeyboardInputs.h">
      <Filter>Header Files\util</Filter>
    </ClInclude>
    <ClInclude Include="PathfindingDebugContent.h">
      <Filter>Header Files\pathfinding</Filter>
    </ClInclude>
    <ClInclude Include="PathPool.h">
      <Filter>Header Files\pathfinding</Filter>
    </ClInclude>
    <ClInclude Include="PlayerMoveToMessage.h">
      <Filter>Header Files\messaging</Filter>
    </ClInclude>
    <ClInclude Include="SteeringFiles\ArriveSteering.h">
      <Filter>Steering\Header Files</Filter>
    </ClInclude>
    <ClInclude Include="SteeringFiles\Component.h">
      <Filter>Steering\Header Files</Filter>
    </ClInclude>
    <ClInclude Include="SteeringFiles\ComponentManager.h">
      <Filter>Steering\Header Files</Filter>
    </ClInclude>
    <ClInclude Include="FlowFieldSteering.h">
      <Filter>Steering\Header Files</Filter>
    </ClInclude>
    <ClInclude Include="FollowPathSteering.h">
      <Filter>Steering\Header Files</Filter>
    </ClInclude>
    <ClInclude Include="KinematicArriveSteering.h">
      <Filter>Steering\Header Files</Filter>
    </ClInclude>
    <ClInclude Include="SteeringFiles\MathTools.h">
      <Filter>Steering\Header Files</Filter>
    </ClInclude>
    <ClInclude Include="SteeringFiles\PhysicsComponent.h">
      <Filter>Steering\Header Files</Filter>
    </ClInclude>
    <ClInclude Include="SteeringFiles\PositionComponent.h">
      <Filter>Steering\Header Files</Filter>
    </ClInclude>
    <ClInclude Include="SteeringFiles\Steering.h">
      <Filter>Steering\Header Files</Filter>
    </ClInclude>
    <ClInclude Include="SteeringFiles\SteeringComponent.h">
      <Filter>Steering\Header Files</Filter>
    </ClInclude>
    <ClInclude Include="SteeringFiles\Unit.h">
      <Filter>Steering\Header Files</Filter>
    </ClInclude>
    <ClInclude Include="SteeringFiles\UnitManager.h">
      <Filter>Steering\Header Files</Filter>
    </ClInclude>
    <ClInclude Include="CollisionComponent.h">
      <Filter>Steering\Header Files</Filter>
    </ClInclude>
    <ClInclude Include="HandleCollisionMessage.h">
      <Filter>Header Files\messaging</Filter>
    </ClInclude>
    <ClInclude Include="StateMachingFiles\BaseAction.h">
      <Filter>StateMachine</Filter>
    </ClInclude>
    <ClInclude Include="StateMachingFiles\DecisionTreeHelpers.h">
      <Filter>StateMachine</Filter>
    </ClInclude>
    <ClInclude Include="StateMachingFiles\IntDecision.h">
      <Filter>StateMachine</Filter>
    </ClInclude>
    <ClInclude Include="StateMachingFiles\MessageAction.h">
      <Filter>StateMachine</Filter>
    </ClInclude>
    <ClInclude Include="StateMachingFiles\StateMachine.h">
      <Filter>StateMachine</Filter>
    </ClInclude>
    <ClInclude Include="StateMachingFiles\PlayerRunState.h">
      <Filter>StateMachine\States</Filter>
    </ClInclude>
    <ClInclude Include="DataParser.h">
      <Filter>Header Files\util</Filter>
    </ClInclude>
    <ClInclude Include="ResetPlayerStartPosMessage.h">
      <Filter>Header Files\messaging</Filter>
    </ClInclude>
    <ClInclude Include="DeleteAllCoinsMessage.h">
      <Filter>Header Files\messaging</Filter>
    </ClInclude>
    <ClInclude Include="StateMachingFiles\PlayerAttackState.h">
      <Filter>StateMachine\States</Filter>
    </ClInclude>
    <ClInclude Include="PlayerRunMessage.h">
      <Filter>Header Files\messaging</Filter>
    </ClInclude>
    <ClInclude Include="PlayerAttackMessage.h">
      <Filter>Header Files\messaging</Filter>
    </ClInclude>
    <ClInclude Include="SpawnItemMessage.h">
      <Filter>Header Files\messaging</Filter>
    </ClInclude>
    <ClInclude Include="KinematicEnemySteering.h">
      <Filter>Steering\Header Files</Filter>
    </ClInclude>
    <ClInclude Include="SpawnEnemyMessage.h">
      <Filter>Header Files\messaging</Filter>
    </ClInclude>
    <ClInclude Include="ChangePlayerControlMessage.h">
      <Filter>Header Files\messaging</Filter>
    </ClInclude>
    <ClInclude Include="KinematicEnemyRunSteering.h">
      <Filter>Steering\Header Files</Filter>
    </ClInclude>
    <ClInclude Include="KinematicEnemyChaseSteering.h">
      <Filter>Steering\Header Files</Filter>
    </ClInclude>
    <ClInclude Include="RestartGameMessage.h">
      <Filter>Header Files\messaging</Filter>
    </ClInclude>
    <ClInclude Include="DeleteAllEnemiesMessage.h">
      <Filter>Header Files\messaging</Filter>
    </ClInclude>
    <ClInclude Include="StateMachingFiles\PlayerAiRunState.h">
      <Filter>StateMachine\States</Filter>
    </ClInclude>
    <ClInclude Include="StateMachingFiles\PlayerAiAttackState.h">
      <Filter>StateMachine\States</Filter>
    </ClInclude>
    <ClInclude Include="StateMachingFiles\AiChaseState.h">
      <Filter>StateMachine\States</Filter>
    </ClInclude>
    <ClInclude Include="StateMachingFiles\AiFleeState.h">
      <Filter>StateMachine\States</Filter>
    </ClInclude>
    <ClInclude Include="StateMachingFiles\AiWanderState.h">
      <Filter>StateMachine\States</Filter>
    </ClInclude>
    <ClInclude Include="ChangeAIUnitStateMessage.h">
      <Filter>Header Files\messaging</Filter>
    </ClInclude>
  </ItemGroup>
  <ItemGroup>
    <ClCompile Include="..\common\Game.cpp">
      <Filter>Common\Source Files</Filter>
    </ClCompile>
    <ClCompile Include="..\common\GraphicsBuffer.cpp">
      <Filter>Common\Source Files</Filter>
    </ClCompile>
    <ClCompile Include="..\common\GraphicsSystem.cpp">
      <Filter>Common\Source Files</Filter>
    </ClCompile>
    <ClCompile Include="..\common\Grid.cpp">
      <Filter>Common\Source Files</Filter>
    </ClCompile>
    <ClCompile Include="..\common\Sprite.cpp">
      <Filter>Common\Source Files</Filter>
    </ClCompile>
    <ClCompile Include="Graph.cpp">
      <Filter>Source Files\pathfinding</Filter>
    </ClCompile>
    <ClCompile Include="Connection.cpp">
      <Filter>Source Files\pathfinding</Filter>
    </ClCompile>
    <ClCompile Include="Node.cpp">
      <Filter>Source Files\pathfinding</Filter>
    </ClCompile>
    <ClCompile Include="GridGraph.cpp">
      <Filter>Source Files\pathfinding</Filter>
    </ClCompile>
    <ClCompile Include="Path.cpp">
      <Filter>Source Files\pathfinding</Filter>
    </ClCompile>
    <ClCompile Include="Pathfinder.cpp">
      <Filter>Source Files\pathfinding</Filter>
    </ClCompile>
    <ClCompile Include="DepthFirstPathfinder.cpp">
      <Filter>Source Files\pathfinding</Filter>
    </ClCompile>
    <ClCompile Include="..\common\GridVisualizer.cpp">
      <Filter>Common\Source Files</Filter>
    </ClCompile>
    <ClCompile Include="GridPathfinder.cpp">
      <Filter>Source Files\pathfinding</Filter>
    </ClCompile>
    <ClCompile Include="..\common\SpriteManager.cpp">
      <Filter>Common\Source Files</Filter>
    </ClCompile>
    <ClCompile Include="..\common\GraphicsBufferManager.cpp">
      <Filter>Common\Source Files</Filter>
    </ClCompile>
    <ClCompile Include="..\common\Color.cpp">
      <Filter>Common\Source Files</Filter>
    </ClCompile>
    <ClCompile Include="..\common\Renderer.cpp">
      <Filter>Common\Source Files</Filter>
    </ClCompile>
    <ClCompile Include="..\common\Font.cpp">
      <Filter>Common\Source Files</Filter>
    </ClCompile>
    <ClCompile Include="DijkstraPathFinder.cpp">
      <Filter>Source Files\pathfinding</Filter>
    </ClCompile>
    <ClCompile Include="AStarPathFinder.cpp">
      <Filter>Source Files\pathfinding</Filter>
    </ClCompile>
    <ClCompile Include="FlowFieldPathFinder.cpp">
      <Filter>Source Files\pathfinding</Filter>
    </ClCompile>
    <ClCompile Include="AddAndRemoveUnitsMessage.cpp">
      <Filter>Source Files\messaging</Filter>
    </ClCompile>
    <ClCompile Include="GameMessage.cpp">
      <Filter>Source Files\messaging</Filter>
    </ClCompile>
    <ClCompile Include="PathToMessage.cpp">
      <Filter>Source Files\messaging</Filter>
    </ClCompile>
    <ClCompile Include="UnitToNewLocationMessage.cpp">
      <Filter>Source Files\messaging</Filter>
    </ClCompile>
    <ClCompile Include="DebugDisplay.cpp">
      <Filter>Source Files\util</Filter>
    </ClCompile>
    <ClCompile Include="GameApp.cpp">
      <Filter>Source Files\util</Filter>
    </ClCompile>
    <ClCompile Include="GameMessageManager.cpp">
      <Filter>Source Files\messaging</Filter>
    </ClCompile>
    <ClCompile Include="InputSystem.cpp">
      <Filter>Source Files\util</Filter>
    </ClCompile>
    <ClCompile Include="main.cpp">
      <Filter>Source Files\util</Filter>
    </ClCompile>
    <ClCompile Include="PathfindingDebugContent.cpp">
      <Filter>Source Files\pathfinding</Filter>
    </ClCompile>
    <ClCompile Include="PathPool.cpp">
      <Filter>Source Files\pathfinding</Filter>
    </ClCompile>
    <ClCompile Include="PlayerMoveToMessage.cpp">
      <Filter>Source Files\messaging</Filter>
    </ClCompile>
    <ClCompile Include="SteeringFiles\ArriveSteering.cpp">
      <Filter>Steering\Source Files</Filter>
    </ClCompile>
    <ClCompile Include="SteeringFiles\Component.cpp">
      <Filter>Steering\Source Files</Filter>
    </ClCompile>
    <ClCompile Include="SteeringFiles\ComponentManager.cpp">
      <Filter>Steering\Source Files</Filter>
    </ClCompile>
    <ClCompile Include="FlowFieldSteering.cpp">
      <Filter>Steering\Source Files</Filter>
    </ClCompile>
    <ClCompile Include="FollowPathSteering.cpp">
      <Filter>Steering\Source Files</Filter>
    </ClCompile>
    <ClCompile Include="KinematicArriveSteering.cpp">
      <Filter>Steering\Source Files</Filter>
    </ClCompile>
    <ClCompile Include="SteeringFiles\MathTools.cpp">
      <Filter>Steering\Source Files</Filter>
    </ClCompile>
    <ClCompile Include="SteeringFiles\PhysicsComponent.cpp">
      <Filter>Steering\Source Files</Filter>
    </ClCompile>
    <ClCompile Include="SteeringFiles\PositionComponent.cpp">
      <Filter>Steering\Source Files</Filter>
    </ClCompile>
    <ClCompile Include="SteeringFiles\Steering.cpp">
      <Filter>Steering\Source Files</Filter>
    </ClCompile>
    <ClCompile Include="SteeringFiles\SteeringComponent.cpp">
      <Filter>Steering\Source Files</Filter>
    </ClCompile>
    <ClCompile Include="SteeringFiles\Unit.cpp">
      <Filter>Steering\Source Files</Filter>
    </ClCompile>
    <ClCompile Include="SteeringFiles\UnitManager.cpp">
      <Filter>Steering\Source Files</Filter>
    </ClCompile>
    <ClCompile Include="CollisionComponent.cpp">
      <Filter>Steering\Source Files</Filter>
    </ClCompile>
    <ClCompile Include="HandleCollisionMessage.cpp">
      <Filter>Source Files\messaging</Filter>
    </ClCompile>
    <ClCompile Include="StateMachingFiles\BaseAction.cpp">
      <Filter>StateMachine</Filter>
    </ClCompile>
    <ClCompile Include="StateMachingFiles\DecisionTreeHelpers.cpp">
      <Filter>StateMachine</Filter>
    </ClCompile>
    <ClCompile Include="StateMachingFiles\IntDecision.cpp">
      <Filter>StateMachine</Filter>
    </ClCompile>
    <ClCompile Include="StateMachingFiles\MessageAction.cpp">
      <Filter>StateMachine</Filter>
    </ClCompile>
    <ClCompile Include="StateMachingFiles\StateMachine.cpp">
      <Filter>StateMachine</Filter>
    </ClCompile>
    <ClCompile Include="StateMachingFiles\PlayerRunState.cpp">
      <Filter>StateMachine\States</Filter>
    </ClCompile>
    <ClCompile Include="DataParser.cpp">
      <Filter>Source Files\util</Filter>
    </ClCompile>
    <ClCompile Include="ResetPlayerStartPosMessage.cpp">
      <Filter>Source Files\messaging</Filter>
    </ClCompile>
    <ClCompile Include="DeleteAllCoinsMessage.cpp">
      <Filter>Source Files\messaging</Filter>
    </ClCompile>
    <ClCompile Include="StateMachingFiles\PlayerAttackState.cpp">
      <Filter>StateMachine\States</Filter>
    </ClCompile>
    <ClCompile Include="PlayerRunMessage.cpp">
      <Filter>Source Files\messaging</Filter>
    </ClCompile>
    <ClCompile Include="PlayerAttackMessage.cpp">
      <Filter>Source Files\messaging</Filter>
    </ClCompile>
    <ClCompile Include="SpawnItemMessage.cpp">
      <Filter>Source Files\messaging</Filter>
    </ClCompile>
    <ClCompile Include="KinematicEnemySteering.cpp">
      <Filter>Steering\Source Files</Filter>
    </ClCompile>
    <ClCompile Include="SpawnEnemyMessage.cpp">
      <Filter>Source Files\messaging</Filter>
    </ClCompile>
    <ClCompile Include="ChangePlayerControlMessage.cpp">
      <Filter>Source Files\messaging</Filter>
    </ClCompile>
    <ClCompile Include="KinematicEnemyRunSteering.cpp">
      <Filter>Steering\Source Files</Filter>
    </ClCompile>
    <ClCompile Include="KinematicEnemyChaseSteering.cpp">
      <Filter>Steering\Source Files</Filter>
    </ClCompile>
    <ClCompile Include="RestartGameMessage.cpp">
      <Filter>Source Files\messaging</Filter>
    </ClCompile>
    <ClCompile Include="DeleteAllEnemiesMessage.cpp">
      <Filter>Source Files\messaging</Filter>
    </ClCompile>
    <ClCompile Include="StateMachingFiles\PlayerAiRunState.cpp">
      <Filter>StateMachine\States</Filter>
    </ClCompile>
    <ClCompile Include="StateMachingFiles\PlayerAiAttackState.cpp">
      <Filter>StateMachine\States</Filter>
    </ClCompile>
    <ClCompile Include="StateMachingFiles\AiChaseState.cpp">
      <Filter>StateMachine\States</Filter>
    </ClCompile>
    <ClCompile Include="StateMachingFiles\AiFleeState.cpp">
      <Filter>StateMachine\States</Filter>
    </ClCompile>
    <ClCompile Include="StateMachingFiles\AiWanderState.cpp">
      <Filter>StateMachine\States</Filter>
    </ClCompile>
    <ClCompile Include="ChangeAIUnitStateMessage.cpp">
      <Filter>Source Files\messaging</Filter>
    </ClCompile>
  </ItemGroup>
</Project>